# This file was autogenerated by Stack.
# You should not edit this file by hand.
# For more information, please see the documentation at:
#   https://docs.haskellstack.org/en/stable/topics/lock_files

packages:
- completed:
    hackage: stamina-0.1.0.3@sha256:7a41ce24449fdabb1ca8ef88fb46b5a6bb1c90a0da9017e92790f1397034217e,1349
    pantry-tree:
      sha256: 9572a3f5f4154270badfc88510613718d6ac326d70a693595b82978429e39d29
      size: 426
  original:
    hackage: stamina-0.1.0.3@sha256:7a41ce24449fdabb1ca8ef88fb46b5a6bb1c90a0da9017e92790f1397034217e,1349
- completed:
    hackage: rapid-0.1.5.3@sha256:97a30c1a8992f8ce70d59279fed9a1bb66771815ee2c6d2063c5f4f4f674efb2,1689
    pantry-tree:
      sha256: 6f070dcf654112983badb5ff091fca7655baf1d76d787d5c8c737b4196c86200
      size: 299
  original:
    hackage: rapid-0.1.5.3@sha256:97a30c1a8992f8ce70d59279fed9a1bb66771815ee2c6d2063c5f4f4f674efb2,1689
snapshots:
- completed:
    sha256: 238fa745b64f91184f9aa518fe04bdde6552533d169b0da5256670df83a0f1a9
    size: 721141
    url: https://raw.githubusercontent.com/commercialhaskell/stackage-snapshots/master/lts/22/44.yaml
  original: lts-22.44
